
Microsoft Visual Studio Solution File, Format Version 12.00
# Visual Studio Version 16
VisualStudioVersion = 16.0.29009.5
MinimumVisualStudioVersion = 10.0.40219.1
Project("{FAE04EC0-301F-11D3-BF4B-00C04F79EFBC}") = "LICapp", "LICapp\LICapp.csproj", "{BF490A9A-045E-47CB-ACC0-EA3AE9D84C91}"
EndProject
Global
	GlobalSection(SolutionConfigurationPlatforms) = preSolution
		Debug|Any CPU = Debug|Any CPU
		Release|Any CPU = Release|Any CPU
	EndGlobalSection
	GlobalSection(ProjectConfigurationPlatforms) = postSolution
		{BF490A9A-045E-47CB-ACC0-EA3AE9D84C91}.Debug|Any CPU.ActiveCfg = Debug|Any CPU
		{BF490A9A-045E-47CB-ACC0-EA3AE9D84C91}.Debug|Any CPU.Build.0 = Debug|Any CPU
		{BF490A9A-045E-47CB-ACC0-EA3AE9D84C91}.Release|Any CPU.ActiveCfg = Release|Any CPU
		{BF490A9A-045E-47CB-ACC0-EA3AE9D84C91}.Release|Any CPU.Build.0 = Release|Any CPU
	EndGlobalSection
	GlobalSection(SolutionProperties) = preSolution
		HideSolutionNode = FALSE
	EndGlobalSection
	GlobalSection(ExtensibilityGlobals) = postSolution
		SolutionGuid = {A1CBFC7F-844B-42EA-AB79-7200FFF61409}
	EndGlobalSection
EndGlobal
